{
    "_readme": [
        "This file locks the dependencies of your project to a known state",
        "Read more about it at https://getcomposer.org/doc/01-basic-usage.md#installing-dependencies",
        "This file is @generated automatically"
    ],
    "content-hash": "d9f16f28569e323eb75b4e1bfb96ec90",
    "packages": [
        {
            "name": "leewillis77/WpListTableExportable",
            "version": "dev-master",
            "source": {
                "type": "git",
                "url": "https://github.com/leewillis77/WpListTableExportable.git",
                "reference": "f4d2d3ddab3dcedefbbd5026fce6dc5d0a3ea394"
            },
            "dist": {
                "type": "zip",
                "url": "https://api.github.com/repos/leewillis77/WpListTableExportable/zipball/f4d2d3ddab3dcedefbbd5026fce6dc5d0a3ea394",
                "reference": "f4d2d3ddab3dcedefbbd5026fce6dc5d0a3ea394",
                "shasum": ""
            },
            "type": "library",
            "autoload": {
                "psr-4": {
                    "leewillis77\\WpListTableExportable\\": "src/"
                }
            },
            "support": {
                "source": "https://github.com/leewillis77/WpListTableExportable/tree/v0.3.1",
                "issues": "https://github.com/leewillis77/WpListTableExportable/issues"
            },
            "time": "2017-10-11T09:23:19+00:00"
        },
        {
            "name": "paypal/rest-api-sdk-php",
            "version": "1.14.0",
            "source": {
                "type": "git",
                "url": "https://github.com/paypal/PayPal-PHP-SDK.git",
                "reference": "72e2f2466975bf128a31e02b15110180f059fc04"
            },
            "dist": {
                "type": "zip",
                "url": "https://api.github.com/repos/paypal/PayPal-PHP-SDK/zipball/72e2f2466975bf128a31e02b15110180f059fc04",
                "reference": "72e2f2466975bf128a31e02b15110180f059fc04",
                "shasum": ""
            },
            "require": {
                "ext-curl": "*",
                "ext-json": "*",
                "php": ">=5.3.0",
                "psr/log": "^1.0.0"
            },
            "require-dev": {
                "phpunit/phpunit": "^4.8.35"
            },
            "type": "library",
            "autoload": {
                "psr-0": {
                    "PayPal": "lib/"
                }
            },
            "notification-url": "https://packagist.org/downloads/",
            "license": [
                "Apache-2.0"
            ],
            "authors": [
                {
                    "name": "PayPal",
                    "homepage": "https://github.com/paypal/rest-api-sdk-php/contributors"
                }
            ],
            "description": "PayPal's PHP SDK for REST APIs",
            "homepage": "http://paypal.github.io/PayPal-PHP-SDK/",
            "keywords": [
                "payments",
                "paypal",
                "rest",
                "sdk"
            ],
            "time": "2019-01-04T20:04:25+00:00"
        },
        {
            "name": "psr/log",
            "version": "1.1.0",
            "source": {
                "type": "git",
                "url": "https://github.com/php-fig/log.git",
                "reference": "6c001f1daafa3a3ac1d8ff69ee4db8e799a654dd"
            },
            "dist": {
                "type": "zip",
                "url": "https://api.github.com/repos/php-fig/log/zipball/6c001f1daafa3a3ac1d8ff69ee4db8e799a654dd",
                "reference": "6c001f1daafa3a3ac1d8ff69ee4db8e799a654dd",
                "shasum": ""
            },
            "require": {
                "php": ">=5.3.0"
            },
            "type": "library",
            "extra": {
                "branch-alias": {
                    "dev-master": "1.0.x-dev"
                }
            },
            "autoload": {
                "psr-4": {
                    "Psr\\Log\\": "Psr/Log/"
                }
            },
            "notification-url": "https://packagist.org/downloads/",
            "license": [
                "MIT"
            ],
            "authors": [
                {
                    "name": "PHP-FIG",
                    "homepage": "http://www.php-fig.org/"
                }
            ],
            "description": "Common interface for logging libraries",
            "homepage": "https://github.com/php-fig/log",
            "keywords": [
                "log",
                "psr",
                "psr-3"
            ],
            "time": "2018-11-20T15:27:04+00:00"
        },
        {
            "name": "razorpay/razorpay",
            "version": "2.5.0",
            "source": {
                "type": "git",
                "url": "https://github.com/razorpay/razorpay-php.git",
                "reference": "96c0167176cf53e3da15640622e9b993a3450ec7"
            },
            "dist": {
                "type": "zip",
                "url": "https://api.github.com/repos/razorpay/razorpay-php/zipball/96c0167176cf53e3da15640622e9b993a3450ec7",
                "reference": "96c0167176cf53e3da15640622e9b993a3450ec7",
                "shasum": ""
            },
            "require": {
                "ext-json": "*",
                "php": ">=5.3.0",
                "rmccue/requests": "v1.7.0"
            },
            "require-dev": {
                "phpunit/phpunit": "~4.8|~5.0",
                "raveren/kint": "1.*"
            },
            "type": "library",
            "autoload": {
                "psr-4": {
                    "Razorpay\\Api\\": "src/",
                    "Razorpay\\Tests\\": "tests/"
                }
            },
            "notification-url": "https://packagist.org/downloads/",
            "license": [
                "MIT"
            ],
            "authors": [
                {
                    "name": "Abhay Rana",
                    "email": "nemo@razorpay.com",
                    "homepage": "https://captnemo.in",
                    "role": "Developer"
                },
                {
                    "name": "Shashank Kumar",
                    "email": "shashank@razorpay.com",
                    "role": "Developer"
                }
            ],
            "description": "Razorpay PHP Client Library",
            "homepage": "https://docs.razorpay.com",
            "keywords": [
                "api",
                "client",
                "php",
                "razorpay"
            ],
            "time": "2019-05-20T13:15:50+00:00"
        },
        {
            "name": "rmccue/requests",
            "version": "v1.7.0",
            "source": {
                "type": "git",
                "url": "https://github.com/rmccue/Requests.git",
                "reference": "87932f52ffad70504d93f04f15690cf16a089546"
            },
            "dist": {
                "type": "zip",
                "url": "https://api.github.com/repos/rmccue/Requests/zipball/87932f52ffad70504d93f04f15690cf16a089546",
                "reference": "87932f52ffad70504d93f04f15690cf16a089546",
                "shasum": ""
            },
            "require": {
                "php": ">=5.2"
            },
            "require-dev": {
                "requests/test-server": "dev-master"
            },
            "type": "library",
            "autoload": {
                "psr-0": {
                    "Requests": "library/"
                }
            },
            "notification-url": "https://packagist.org/downloads/",
            "license": [
                "ISC"
            ],
            "authors": [
                {
                    "name": "Ryan McCue",
                    "homepage": "http://ryanmccue.info"
                }
            ],
            "description": "A HTTP library written in PHP, for human beings.",
            "homepage": "http://github.com/rmccue/Requests",
            "keywords": [
                "curl",
                "fsockopen",
                "http",
                "idna",
                "ipv6",
                "iri",
                "sockets"
            ],
            "time": "2016-10-13T00:11:37+00:00"
        }
    ],
    "packages-dev": [],
    "aliases": [],
    "minimum-stability": "stable",
    "stability-flags": {
        "leewillis77/wplisttableexportable": 20
    },
    "prefer-stable": false,
    "prefer-lowest": false,
    "platform": [],
    "platform-dev": []
}
